
Microsoft Visual Studio Solution File, Format Version 12.00
# Visual Studio Version 16
VisualStudioVersion = 16.0.31229.75
MinimumVisualStudioVersion = 10.0.40219.1
Project("{2150E333-8FDC-42A3-9474-1A3956D46DE8}") = "Services", "Services", "{BA4D77DF-D631-41CA-AC7E-552AAC1D36EA}"
EndProject
Project("{2150E333-8FDC-42A3-9474-1A3956D46DE8}") = "Catalog", "Catalog", "{48800AA5-1B99-461A-9619-0BF28DF3B5C1}"
EndProject
Project("{9A19103F-16F7-4668-BE54-9A1E7A4F7556}") = "Catalog.API", "services\catalog\Catalog.API\Catalog.API.csproj", "{6E199F8E-D83E-4704-98AF-F0E88AEF3C37}"
EndProject
Project("{E53339B2-1760-4266-BCC7-CA923CBCF16C}") = "docker-compose", "docker-compose.dcproj", "{15052D6E-B63C-4C15-A9DC-331733A2EE42}"
EndProject
Project("{2150E333-8FDC-42A3-9474-1A3956D46DE8}") = "Basket", "Basket", "{ADD9F325-A323-42F9-801B-2FE4C7236B78}"
EndProject
Project("{9A19103F-16F7-4668-BE54-9A1E7A4F7556}") = "Basket.API", "services\Basket\Basket.API\Basket.API.csproj", "{A93ACB68-B2C1-4BB3-8C16-16508AABE608}"
EndProject
Project("{2150E333-8FDC-42A3-9474-1A3956D46DE8}") = "Discount", "Discount", "{AA0E307C-1969-4069-B2D7-E39EE3E2360C}"
EndProject
Project("{9A19103F-16F7-4668-BE54-9A1E7A4F7556}") = "Discount.API", "services\discount\Discount.API\Discount.API.csproj", "{FA1973F3-2E20-498D-9EE9-D23602AE35C0}"
EndProject
Project("{9A19103F-16F7-4668-BE54-9A1E7A4F7556}") = "Discount.Grpc", "services\discount\Discount.Grpc\Discount.Grpc.csproj", "{ABAA0CCA-3669-446E-9C00-9D36B3FD4B6F}"
EndProject
Project("{2150E333-8FDC-42A3-9474-1A3956D46DE8}") = "Ordering", "Ordering", "{8BB0E139-D68A-4E10-A4F2-78359ADFD195}"
EndProject
Project("{9A19103F-16F7-4668-BE54-9A1E7A4F7556}") = "Ordering.API", "services\ordering\Ordering.API\Ordering.API.csproj", "{276607D4-78C4-4A1E-8B56-4A6889902E89}"
EndProject
Project("{9A19103F-16F7-4668-BE54-9A1E7A4F7556}") = "Ordering.Application", "services\ordering\Ordering.Application\Ordering.Application.csproj", "{81AC7951-4211-44DA-B63D-B757836C9EF4}"
EndProject
Project("{9A19103F-16F7-4668-BE54-9A1E7A4F7556}") = "Ordering.Domain", "services\ordering\Ordering.Domain\Ordering.Domain.csproj", "{7C4DA7FE-18A9-4B7C-9EFC-D86593264ABA}"
EndProject
Project("{9A19103F-16F7-4668-BE54-9A1E7A4F7556}") = "Ordering.Infrastructure", "services\ordering\Ordering.Infrastructure\Ordering.Infrastructure.csproj", "{4FC3D194-01F6-4C6B-9DA4-BFE6C1F8A6E7}"
EndProject
Project("{2150E333-8FDC-42A3-9474-1A3956D46DE8}") = "BuildingBlocks", "BuildingBlocks", "{5A5B7ECA-66F7-4068-BF4A-C13F9A61DB85}"
EndProject
Project("{9A19103F-16F7-4668-BE54-9A1E7A4F7556}") = "EventBus.Messages", "BuildingBlocks\EventBus.Messages\EventBus.Messages.csproj", "{B95B6560-6F72-4A7B-B0C7-509868C2FE21}"
EndProject
Project("{2150E333-8FDC-42A3-9474-1A3956D46DE8}") = "ApiGateways", "ApiGateways", "{AC7D6025-CD5A-4C9D-AFB6-3619BF9BDE3B}"
EndProject
Project("{FAE04EC0-301F-11D3-BF4B-00C04F79EFBC}") = "OcelotApiGw", "ApiGateways\OcelotApiGw\OcelotApiGw.csproj", "{B9713DEF-0A9D-40AC-8724-01D5D0E93C7E}"
EndProject
Project("{FAE04EC0-301F-11D3-BF4B-00C04F79EFBC}") = "Shopping.Aggregator", "ApiGateways\Shopping.Aggregator\Shopping.Aggregator.csproj", "{E5B30961-F9FB-44B6-8DCD-8C347D0888AB}"
EndProject
Global
	GlobalSection(SolutionConfigurationPlatforms) = preSolution
		Debug|Any CPU = Debug|Any CPU
		Release|Any CPU = Release|Any CPU
	EndGlobalSection
	GlobalSection(ProjectConfigurationPlatforms) = postSolution
		{6E199F8E-D83E-4704-98AF-F0E88AEF3C37}.Debug|Any CPU.ActiveCfg = Debug|Any CPU
		{6E199F8E-D83E-4704-98AF-F0E88AEF3C37}.Debug|Any CPU.Build.0 = Debug|Any CPU
		{6E199F8E-D83E-4704-98AF-F0E88AEF3C37}.Release|Any CPU.ActiveCfg = Release|Any CPU
		{6E199F8E-D83E-4704-98AF-F0E88AEF3C37}.Release|Any CPU.Build.0 = Release|Any CPU
		{15052D6E-B63C-4C15-A9DC-331733A2EE42}.Debug|Any CPU.ActiveCfg = Debug|Any CPU
		{15052D6E-B63C-4C15-A9DC-331733A2EE42}.Debug|Any CPU.Build.0 = Debug|Any CPU
		{15052D6E-B63C-4C15-A9DC-331733A2EE42}.Release|Any CPU.ActiveCfg = Release|Any CPU
		{15052D6E-B63C-4C15-A9DC-331733A2EE42}.Release|Any CPU.Build.0 = Release|Any CPU
		{A93ACB68-B2C1-4BB3-8C16-16508AABE608}.Debug|Any CPU.ActiveCfg = Debug|Any CPU
		{A93ACB68-B2C1-4BB3-8C16-16508AABE608}.Debug|Any CPU.Build.0 = Debug|Any CPU
		{A93ACB68-B2C1-4BB3-8C16-16508AABE608}.Release|Any CPU.ActiveCfg = Release|Any CPU
		{A93ACB68-B2C1-4BB3-8C16-16508AABE608}.Release|Any CPU.Build.0 = Release|Any CPU
		{FA1973F3-2E20-498D-9EE9-D23602AE35C0}.Debug|Any CPU.ActiveCfg = Debug|Any CPU
		{FA1973F3-2E20-498D-9EE9-D23602AE35C0}.Debug|Any CPU.Build.0 = Debug|Any CPU
		{FA1973F3-2E20-498D-9EE9-D23602AE35C0}.Release|Any CPU.ActiveCfg = Release|Any CPU
		{FA1973F3-2E20-498D-9EE9-D23602AE35C0}.Release|Any CPU.Build.0 = Release|Any CPU
		{ABAA0CCA-3669-446E-9C00-9D36B3FD4B6F}.Debug|Any CPU.ActiveCfg = Debug|Any CPU
		{ABAA0CCA-3669-446E-9C00-9D36B3FD4B6F}.Debug|Any CPU.Build.0 = Debug|Any CPU
		{ABAA0CCA-3669-446E-9C00-9D36B3FD4B6F}.Release|Any CPU.ActiveCfg = Release|Any CPU
		{ABAA0CCA-3669-446E-9C00-9D36B3FD4B6F}.Release|Any CPU.Build.0 = Release|Any CPU
		{276607D4-78C4-4A1E-8B56-4A6889902E89}.Debug|Any CPU.ActiveCfg = Debug|Any CPU
		{276607D4-78C4-4A1E-8B56-4A6889902E89}.Debug|Any CPU.Build.0 = Debug|Any CPU
		{276607D4-78C4-4A1E-8B56-4A6889902E89}.Release|Any CPU.ActiveCfg = Release|Any CPU
		{276607D4-78C4-4A1E-8B56-4A6889902E89}.Release|Any CPU.Build.0 = Release|Any CPU
		{81AC7951-4211-44DA-B63D-B757836C9EF4}.Debug|Any CPU.ActiveCfg = Debug|Any CPU
		{81AC7951-4211-44DA-B63D-B757836C9EF4}.Debug|Any CPU.Build.0 = Debug|Any CPU
		{81AC7951-4211-44DA-B63D-B757836C9EF4}.Release|Any CPU.ActiveCfg = Release|Any CPU
		{81AC7951-4211-44DA-B63D-B757836C9EF4}.Release|Any CPU.Build.0 = Release|Any CPU
		{7C4DA7FE-18A9-4B7C-9EFC-D86593264ABA}.Debug|Any CPU.ActiveCfg = Debug|Any CPU
		{7C4DA7FE-18A9-4B7C-9EFC-D86593264ABA}.Debug|Any CPU.Build.0 = Debug|Any CPU
		{7C4DA7FE-18A9-4B7C-9EFC-D86593264ABA}.Release|Any CPU.ActiveCfg = Release|Any CPU
		{7C4DA7FE-18A9-4B7C-9EFC-D86593264ABA}.Release|Any CPU.Build.0 = Release|Any CPU
		{4FC3D194-01F6-4C6B-9DA4-BFE6C1F8A6E7}.Debug|Any CPU.ActiveCfg = Debug|Any CPU
		{4FC3D194-01F6-4C6B-9DA4-BFE6C1F8A6E7}.Debug|Any CPU.Build.0 = Debug|Any CPU
		{4FC3D194-01F6-4C6B-9DA4-BFE6C1F8A6E7}.Release|Any CPU.ActiveCfg = Release|Any CPU
		{4FC3D194-01F6-4C6B-9DA4-BFE6C1F8A6E7}.Release|Any CPU.Build.0 = Release|Any CPU
		{B95B6560-6F72-4A7B-B0C7-509868C2FE21}.Debug|Any CPU.ActiveCfg = Debug|Any CPU
		{B95B6560-6F72-4A7B-B0C7-509868C2FE21}.Debug|Any CPU.Build.0 = Debug|Any CPU
		{B95B6560-6F72-4A7B-B0C7-509868C2FE21}.Release|Any CPU.ActiveCfg = Release|Any CPU
		{B95B6560-6F72-4A7B-B0C7-509868C2FE21}.Release|Any CPU.Build.0 = Release|Any CPU
		{B9713DEF-0A9D-40AC-8724-01D5D0E93C7E}.Debug|Any CPU.ActiveCfg = Debug|Any CPU
		{B9713DEF-0A9D-40AC-8724-01D5D0E93C7E}.Debug|Any CPU.Build.0 = Debug|Any CPU
		{B9713DEF-0A9D-40AC-8724-01D5D0E93C7E}.Release|Any CPU.ActiveCfg = Release|Any CPU
		{B9713DEF-0A9D-40AC-8724-01D5D0E93C7E}.Release|Any CPU.Build.0 = Release|Any CPU
		{E5B30961-F9FB-44B6-8DCD-8C347D0888AB}.Debug|Any CPU.ActiveCfg = Debug|Any CPU
		{E5B30961-F9FB-44B6-8DCD-8C347D0888AB}.Debug|Any CPU.Build.0 = Debug|Any CPU
		{E5B30961-F9FB-44B6-8DCD-8C347D0888AB}.Release|Any CPU.ActiveCfg = Release|Any CPU
		{E5B30961-F9FB-44B6-8DCD-8C347D0888AB}.Release|Any CPU.Build.0 = Release|Any CPU
	EndGlobalSection
	GlobalSection(SolutionProperties) = preSolution
		HideSolutionNode = FALSE
	EndGlobalSection
	GlobalSection(NestedProjects) = preSolution
		{48800AA5-1B99-461A-9619-0BF28DF3B5C1} = {BA4D77DF-D631-41CA-AC7E-552AAC1D36EA}
		{6E199F8E-D83E-4704-98AF-F0E88AEF3C37} = {48800AA5-1B99-461A-9619-0BF28DF3B5C1}
		{ADD9F325-A323-42F9-801B-2FE4C7236B78} = {BA4D77DF-D631-41CA-AC7E-552AAC1D36EA}
		{A93ACB68-B2C1-4BB3-8C16-16508AABE608} = {ADD9F325-A323-42F9-801B-2FE4C7236B78}
		{AA0E307C-1969-4069-B2D7-E39EE3E2360C} = {BA4D77DF-D631-41CA-AC7E-552AAC1D36EA}
		{FA1973F3-2E20-498D-9EE9-D23602AE35C0} = {AA0E307C-1969-4069-B2D7-E39EE3E2360C}
		{ABAA0CCA-3669-446E-9C00-9D36B3FD4B6F} = {AA0E307C-1969-4069-B2D7-E39EE3E2360C}
		{8BB0E139-D68A-4E10-A4F2-78359ADFD195} = {BA4D77DF-D631-41CA-AC7E-552AAC1D36EA}
		{276607D4-78C4-4A1E-8B56-4A6889902E89} = {8BB0E139-D68A-4E10-A4F2-78359ADFD195}
		{81AC7951-4211-44DA-B63D-B757836C9EF4} = {8BB0E139-D68A-4E10-A4F2-78359ADFD195}
		{7C4DA7FE-18A9-4B7C-9EFC-D86593264ABA} = {8BB0E139-D68A-4E10-A4F2-78359ADFD195}
		{4FC3D194-01F6-4C6B-9DA4-BFE6C1F8A6E7} = {8BB0E139-D68A-4E10-A4F2-78359ADFD195}
		{B95B6560-6F72-4A7B-B0C7-509868C2FE21} = {5A5B7ECA-66F7-4068-BF4A-C13F9A61DB85}
		{B9713DEF-0A9D-40AC-8724-01D5D0E93C7E} = {AC7D6025-CD5A-4C9D-AFB6-3619BF9BDE3B}
		{E5B30961-F9FB-44B6-8DCD-8C347D0888AB} = {AC7D6025-CD5A-4C9D-AFB6-3619BF9BDE3B}
	EndGlobalSection
	GlobalSection(ExtensibilityGlobals) = postSolution
		SolutionGuid = {78A3DEA5-8489-4472-92FD-64D1A7F5306B}
	EndGlobalSection
EndGlobal
